// !$*UTF8*$!
{
	archiveVersion = 1;
	classes = {
	};
	objectVersion = 46;
	objects = {

/* Begin PBXBuildFile section */
		D3780A19193650CC00A5BAC3 /* Foundation.framework in Frameworks */ = {isa = PBXBuildFile; fileRef = D3780A18193650CC00A5BAC3 /* Foundation.framework */; };
		D3780A1B193650CC00A5BAC3 /* CoreGraphics.framework in Frameworks */ = {isa = PBXBuildFile; fileRef = D3780A1A193650CC00A5BAC3 /* CoreGraphics.framework */; };
		D3780A1D193650CC00A5BAC3 /* UIKit.framework in Frameworks */ = {isa = PBXBuildFile; fileRef = D3780A1C193650CC00A5BAC3 /* UIKit.framework */; };
		D3780A23193650CC00A5BAC3 /* InfoPlist.strings in Resources */ = {isa = PBXBuildFile; fileRef = D3780A21193650CC00A5BAC3 /* InfoPlist.strings */; };
		D3780A25193650CC00A5BAC3 /* main.m in Sources */ = {isa = PBXBuildFile; fileRef = D3780A24193650CC00A5BAC3 /* main.m */; };
		D3780A29193650CC00A5BAC3 /* klcAppDelegate.m in Sources */ = {isa = PBXBuildFile; fileRef = D3780A28193650CC00A5BAC3 /* klcAppDelegate.m */; };
		D3780A2B193650CC00A5BAC3 /* Images.xcassets in Resources */ = {isa = PBXBuildFile; fileRef = D3780A2A193650CC00A5BAC3 /* Images.xcassets */; };
		D3780A32193650CC00A5BAC3 /* XCTest.framework in Frameworks */ = {isa = PBXBuildFile; fileRef = D3780A31193650CC00A5BAC3 /* XCTest.framework */; };
		D3780A33193650CC00A5BAC3 /* Foundation.framework in Frameworks */ = {isa = PBXBuildFile; fileRef = D3780A18193650CC00A5BAC3 /* Foundation.framework */; };
		D3780A34193650CC00A5BAC3 /* UIKit.framework in Frameworks */ = {isa = PBXBuildFile; fileRef = D3780A1C193650CC00A5BAC3 /* UIKit.framework */; };
		D3780A3C193650CC00A5BAC3 /* InfoPlist.strings in Resources */ = {isa = PBXBuildFile; fileRef = D3780A3A193650CC00A5BAC3 /* InfoPlist.strings */; };
		D3780A3E193650CC00A5BAC3 /* Cultural_GuideTests.m in Sources */ = {isa = PBXBuildFile; fileRef = D3780A3D193650CC00A5BAC3 /* Cultural_GuideTests.m */; };
		D3780A48193651B700A5BAC3 /* Storyboard.storyboard in Resources */ = {isa = PBXBuildFile; fileRef = D3780A47193651B700A5BAC3 /* Storyboard.storyboard */; };
/* End PBXBuildFile section */

/* Begin PBXContainerItemProxy section */
		D3780A35193650CC00A5BAC3 /* PBXContainerItemProxy */ = {
			isa = PBXContainerItemProxy;
			containerPortal = D3780A0D193650CC00A5BAC3 /* Project object */;
			proxyType = 1;
			remoteGlobalIDString = D3780A14193650CC00A5BAC3;
			remoteInfo = "Cultural Guide";
		};
/* End PBXContainerItemProxy section */

/* Begin PBXFileReference section */
		D3780A15193650CC00A5BAC3 /* Cultural Guide.app */ = {isa = PBXFileReference; explicitFileType = wrapper.application; includeInIndex = 0; path = "Cultural Guide.app"; sourceTree = BUILT_PRODUCTS_DIR; };
		D3780A18193650CC00A5BAC3 /* Foundation.framework */ = {isa = PBXFileReference; lastKnownFileType = wrapper.framework; name = Foundation.framework; path = System/Library/Frameworks/Foundation.framework; sourceTree = SDKROOT; };
		D3780A1A193650CC00A5BAC3 /* CoreGraphics.framework */ = {isa = PBXFileReference; lastKnownFileType = wrapper.framework; name = CoreGraphics.framework; path = System/Library/Frameworks/CoreGraphics.framework; sourceTree = SDKROOT; };
		D3780A1C193650CC00A5BAC3 /* UIKit.framework */ = {isa = PBXFileReference; lastKnownFileType = wrapper.framework; name = UIKit.framework; path = System/Library/Frameworks/UIKit.framework; sourceTree = SDKROOT; };
		D3780A20193650CC00A5BAC3 /* Cultural Guide-Info.plist */ = {isa = PBXFileReference; lastKnownFileType = text.plist.xml; path = "Cultural Guide-Info.plist"; sourceTree = "<group>"; };
		D3780A22193650CC00A5BAC3 /* en */ = {isa = PBXFileReference; lastKnownFileType = text.plist.strings; name = en; path = en.lproj/InfoPlist.strings; sourceTree = "<group>"; };
		D3780A24193650CC00A5BAC3 /* main.m */ = {isa = PBXFileReference; lastKnownFileType = sourcecode.c.objc; path = main.m; sourceTree = "<group>"; };
		D3780A26193650CC00A5BAC3 /* Cultural Guide-Prefix.pch */ = {isa = PBXFileReference; lastKnownFileType = sourcecode.c.h; path = "Cultural Guide-Prefix.pch"; sourceTree = "<group>"; };
		D3780A27193650CC00A5BAC3 /* klcAppDelegate.h */ = {isa = PBXFileReference; lastKnownFileType = sourcecode.c.h; path = klcAppDelegate.h; sourceTree = "<group>"; };
		D3780A28193650CC00A5BAC3 /* klcAppDelegate.m */ = {isa = PBXFileReference; lastKnownFileType = sourcecode.c.objc; path = klcAppDelegate.m; sourceTree = "<group>"; };
		D3780A2A193650CC00A5BAC3 /* Images.xcassets */ = {isa = PBXFileReference; lastKnownFileType = folder.assetcatalog; path = Images.xcassets; sourceTree = "<group>"; };
		D3780A30193650CC00A5BAC3 /* Cultural GuideTests.xctest */ = {isa = PBXFileReference; explicitFileType = wrapper.cfbundle; includeInIndex = 0; path = "Cultural GuideTests.xctest"; sourceTree = BUILT_PRODUCTS_DIR; };
		D3780A31193650CC00A5BAC3 /* XCTest.framework */ = {isa = PBXFileReference; lastKnownFileType = wrapper.framework; name = XCTest.framework; path = Library/Frameworks/XCTest.framework; sourceTree = DEVELOPER_DIR; };
		D3780A39193650CC00A5BAC3 /* Cultural GuideTests-Info.plist */ = {isa = PBXFileReference; lastKnownFileType = text.plist.xml; path = "Cultural GuideTests-Info.plist"; sourceTree = "<group>"; };
		D3780A3B193650CC00A5BAC3 /* en */ = {isa = PBXFileReference; lastKnownFileType = text.plist.strings; name = en; path = en.lproj/InfoPlist.strings; sourceTree = "<group>"; };
		D3780A3D193650CC00A5BAC3 /* Cultural_GuideTests.m */ = {isa = PBXFileReference; lastKnownFileType = sourcecode.c.objc; path = Cultural_GuideTests.m; sourceTree = "<group>"; };
		D3780A47193651B700A5BAC3 /* Storyboard.storyboard */ = {isa = PBXFileReference; fileEncoding = 4; lastKnownFileType = file.storyboard; name = Storyboard.storyboard; path = ../Storyboard.storyboard; sourceTree = "<group>"; };
/* End PBXFileReference section */

/* Begin PBXFrameworksBuildPhase section */
		D3780A12193650CC00A5BAC3 /* Frameworks */ = {
			isa = PBXFrameworksBuildPhase;
			buildActionMask = 2147483647;
			files = (
				D3780A1B193650CC00A5BAC3 /* CoreGraphics.framework in Frameworks */,
				D3780A1D193650CC00A5BAC3 /* UIKit.framework in Frameworks */,
				D3780A19193650CC00A5BAC3 /* Foundation.framework in Frameworks */,
			);
			runOnlyForDeploymentPostprocessing = 0;
		};
		D3780A2D193650CC00A5BAC3 /* Frameworks */ = {
			isa = PBXFrameworksBuildPhase;
			buildActionMask = 2147483647;
			files = (
				D3780A32193650CC00A5BAC3 /* XCTest.framework in Frameworks */,
				D3780A34193650CC00A5BAC3 /* UIKit.framework in Frameworks */,
				D3780A33193650CC00A5BAC3 /* Foundation.framework in Frameworks */,
			);
			runOnlyForDeploymentPostprocessing = 0;
		};
/* End PBXFrameworksBuildPhase section */

/* Begin PBXGroup section */
		D3780A0C193650CC00A5BAC3 = {
			isa = PBXGroup;
			children = (
				D3780A1E193650CC00A5BAC3 /* Cultural Guide */,
				D3780A37193650CC00A5BAC3 /* Cultural GuideTests */,
				D3780A17193650CC00A5BAC3 /* Frameworks */,
				D3780A16193650CC00A5BAC3 /* Products */,
			);
			sourceTree = "<group>";
		};
		D3780A16193650CC00A5BAC3 /* Products */ = {
			isa = PBXGroup;
			children = (
				D3780A15193650CC00A5BAC3 /* Cultural Guide.app */,
				D3780A30193650CC00A5BAC3 /* Cultural GuideTests.xctest */,
			);
			name = Products;
			sourceTree = "<group>";
		};
		D3780A17193650CC00A5BAC3 /* Frameworks */ = {
			isa = PBXGroup;
			children = (
				D3780A18193650CC00A5BAC3 /* Foundation.framework */,
				D3780A1A193650CC00A5BAC3 /* CoreGraphics.framework */,
				D3780A1C193650CC00A5BAC3 /* UIKit.framework */,
				D3780A31193650CC00A5BAC3 /* XCTest.framework */,
			);
			name = Frameworks;
			sourceTree = "<group>";
		};
		D3780A1E193650CC00A5BAC3 /* Cultural Guide */ = {
			isa = PBXGroup;
			children = (
				D3780A47193651B700A5BAC3 /* Storyboard.storyboard */,
				D3780A27193650CC00A5BAC3 /* klcAppDelegate.h */,
				D3780A28193650CC00A5BAC3 /* klcAppDelegate.m */,
				D3780A2A193650CC00A5BAC3 /* Images.xcassets */,
				D3780A1F193650CC00A5BAC3 /* Supporting Files */,
			);
			path = "Cultural Guide";
			sourceTree = "<group>";
		};
		D3780A1F193650CC00A5BAC3 /* Supporting Files */ = {
			isa = PBXGroup;
			children = (
				D3780A20193650CC00A5BAC3 /* Cultural Guide-Info.plist */,
				D3780A21193650CC00A5BAC3 /* InfoPlist.strings */,
				D3780A24193650CC00A5BAC3 /* main.m */,
				D3780A26193650CC00A5BAC3 /* Cultural Guide-Prefix.pch */,
			);
			name = "Supporting Files";
			sourceTree = "<group>";
		};
		D3780A37193650CC00A5BAC3 /* Cultural GuideTests */ = {
			isa = PBXGroup;
			children = (
				D3780A3D193650CC00A5BAC3 /* Cultural_GuideTests.m */,
				D3780A38193650CC00A5BAC3 /* Supporting Files */,
			);
			path = "Cultural GuideTests";
			sourceTree = "<group>";
		};
		D3780A38193650CC00A5BAC3 /* Supporting Files */ = {
			isa = PBXGroup;
			children = (
				D3780A39193650CC00A5BAC3 /* Cultural GuideTests-Info.plist */,
				D3780A3A193650CC00A5BAC3 /* InfoPlist.strings */,
			);
			name = "Supporting Files";
			sourceTree = "<group>";
		};
/* End PBXGroup section */

/* Begin PBXNativeTarget section */
		D3780A14193650CC00A5BAC3 /* Cultural Guide */ = {
			isa = PBXNativeTarget;
			buildConfigurationList = D3780A41193650CC00A5BAC3 /* Build configuration list for PBXNativeTarget "Cultural Guide" */;
			buildPhases = (
				D3780A11193650CC00A5BAC3 /* Sources */,
				D3780A12193650CC00A5BAC3 /* Frameworks */,
				D3780A13193650CC00A5BAC3 /* Resources */,
			);
			buildRules = (
			);
			dependencies = (
			);
			name = "Cultural Guide";
			productName = "Cultural Guide";
			productReference = D3780A15193650CC00A5BAC3 /* Cultural Guide.app */;
			productType = "com.apple.product-type.application";
		};
		D3780A2F193650CC00A5BAC3 /* Cultural GuideTests */ = {
			isa = PBXNativeTarget;
			buildConfigurationList = D3780A44193650CC00A5BAC3 /* Build configuration list for PBXNativeTarget "Cultural GuideTests" */;
			buildPhases = (
				D3780A2C193650CC00A5BAC3 /* Sources */,
				D3780A2D193650CC00A5BAC3 /* Frameworks */,
				D3780A2E193650CC00A5BAC3 /* Resources */,
			);
			buildRules = (
			);
			dependencies = (
				D3780A36193650CC00A5BAC3 /* PBXTargetDependency */,
			);
			name = "Cultural GuideTests";
			productName = "Cultural GuideTests";
			productReference = D3780A30193650CC00A5BAC3 /* Cultural GuideTests.xctest */;
			productType = "com.apple.product-type.bundle.unit-test";
		};
/* End PBXNativeTarget section */

/* Begin PBXProject section */
		D3780A0D193650CC00A5BAC3 /* Project object */ = {
			isa = PBXProject;
			attributes = {
				CLASSPREFIX = klc;
				LastUpgradeCheck = 0510;
				ORGANIZATIONNAME = "Kliment Lambevski";
				TargetAttributes = {
					D3780A2F193650CC00A5BAC3 = {
						TestTargetID = D3780A14193650CC00A5BAC3;
					};
				};
			};
			buildConfigurationList = D3780A10193650CC00A5BAC3 /* Build configuration list for PBXProject "Cultural Guide" */;
			compatibilityVersion = "Xcode 3.2";
			developmentRegion = English;
			hasScannedForEncodings = 0;
			knownRegions = (
				en,
			);
			mainGroup = D3780A0C193650CC00A5BAC3;
			productRefGroup = D3780A16193650CC00A5BAC3 /* Products */;
			projectDirPath = "";
			projectRoot = "";
			targets = (
				D3780A14193650CC00A5BAC3 /* Cultural Guide */,
				D3780A2F193650CC00A5BAC3 /* Cultural GuideTests */,
			);
		};
/* End PBXProject section */

/* Begin PBXResourcesBuildPhase section */
		D3780A13193650CC00A5BAC3 /* Resources */ = {
			isa = PBXResourcesBuildPhase;
			buildActionMask = 2147483647;
			files = (
				D3780A23193650CC00A5BAC3 /* InfoPlist.strings in Resources */,
				D3780A2B193650CC00A5BAC3 /* Images.xcassets in Resources */,
				D3780A48193651B700A5BAC3 /* Storyboard.storyboard in Resources */,
			);
			runOnlyForDeploymentPostprocessing = 0;
		};
		D3780A2E193650CC00A5BAC3 /* Resources */ = {
			isa = PBXResourcesBuildPhase;
			buildActionMask = 2147483647;
			files = (
				D3780A3C193650CC00A5BAC3 /* InfoPlist.strings in Resources */,
			);
			runOnlyForDeploymentPostprocessing = 0;
		};
/* End PBXResourcesBuildPhase section */

/* Begin PBXSourcesBuildPhase section */
		D3780A11193650CC00A5BAC3 /* Sources */ = {
			isa = PBXSourcesBuildPhase;
			buildActionMask = 2147483647;
			files = (
				D3780A25193650CC00A5BAC3 /* main.m in Sources */,
				D3780A29193650CC00A5BAC3 /* klcAppDelegate.m in Sources */,
			);
			runOnlyForDeploymentPostprocessing = 0;
		};
		D3780A2C193650CC00A5BAC3 /* Sources */ = {
			isa = PBXSourcesBuildPhase;
			buildActionMask = 2147483647;
			files = (
				D3780A3E193650CC00A5BAC3 /* Cultural_GuideTests.m in Sources */,
			);
			runOnlyForDeploymentPostprocessing = 0;
		};
/* End PBXSourcesBuildPhase section */

/* Begin PBXTargetDependency section */
		D3780A36193650CC00A5BAC3 /* PBXTargetDependency */ = {
			isa = PBXTargetDependency;
			target = D3780A14193650CC00A5BAC3 /* Cultural Guide */;
			targetProxy = D3780A35193650CC00A5BAC3 /* PBXContainerItemProxy */;
		};
/* End PBXTargetDependency section */

/* Begin PBXVariantGroup section */
		D3780A21193650CC00A5BAC3 /* InfoPlist.strings */ = {
			isa = PBXVariantGroup;
			children = (
				D3780A22193650CC00A5BAC3 /* en */,
			);
			name = InfoPlist.strings;
			sourceTree = "<group>";
		};
		D3780A3A193650CC00A5BAC3 /* InfoPlist.strings */ = {
			isa = PBXVariantGroup;
			children = (
				D3780A3B193650CC00A5BAC3 /* en */,
			);
			name = InfoPlist.strings;
			sourceTree = "<group>";
		};
/* End PBXVariantGroup section */

/* Begin XCBuildConfiguration section */
		D3780A3F193650CC00A5BAC3 /* Debug */ = {
			isa = XCBuildConfiguration;
			buildSettings = {
				ALWAYS_SEARCH_USER_PATHS = NO;
				CLANG_CXX_LANGUAGE_STANDARD = "gnu++0x";
				CLANG_CXX_LIBRARY = "libc++";
				CLANG_ENABLE_MODULES = YES;
				CLANG_ENABLE_OBJC_ARC = YES;
				CLANG_WARN_BOOL_CONVERSION = YES;
				CLANG_WARN_CONSTANT_CONVERSION = YES;
				CLANG_WARN_DIRECT_OBJC_ISA_USAGE = YES_ERROR;
				CLANG_WARN_EMPTY_BODY = YES;
				CLANG_WARN_ENUM_CONVERSION = YES;
				CLANG_WARN_INT_CONVERSION = YES;
				CLANG_WARN_OBJC_ROOT_CLASS = YES_ERROR;
				CLANG_WARN__DUPLICATE_METHOD_MATCH = YES;
				"CODE_SIGN_IDENTITY[sdk=iphoneos*]" = "iPhone Developer";
				COPY_PHASE_STRIP = NO;
				GCC_C_LANGUAGE_STANDARD = gnu99;
				GCC_DYNAMIC_NO_PIC = NO;
				GCC_OPTIMIZATION_LEVEL = 0;
				GCC_PREPROCESSOR_DEFINITIONS = (
					"DEBUG=1",
					"$(inherited)",
				);
				GCC_SYMBOLS_PRIVATE_EXTERN = NO;
				GCC_WARN_64_TO_32_BIT_CONVERSION = YES;
				GCC_WARN_ABOUT_RETURN_TYPE = YES_ERROR;
				GCC_WARN_UNDECLARED_SELECTOR = YES;
				GCC_WARN_UNINITIALIZED_AUTOS = YES_AGGRESSIVE;
				GCC_WARN_UNUSED_FUNCTION = YES;
				GCC_WARN_UNUSED_VARIABLE = YES;
				IPHONEOS_DEPLOYMENT_TARGET = 7.1;
				ONLY_ACTIVE_ARCH = YES;
				SDKROOT = iphoneos;
				TARGETED_DEVICE_FAMILY = "1,2";
			};
			name = Debug;
		};
		D3780A40193650CC00A5BAC3 /* Release */ = {
			isa = XCBuildConfiguration;
			buildSettings = {
				ALWAYS_SEARCH_USER_PATHS = NO;
				CLANG_CXX_LANGUAGE_STANDARD = "gnu++0x";
				CLANG_CXX_LIBRARY = "libc++";
				CLANG_ENABLE_MODULES = YES;
				CLANG_ENABLE_OBJC_ARC = YES;
				CLANG_WARN_BOOL_CONVERSION = YES;
				CLANG_WARN_CONSTANT_CONVERSION = YES;
				CLANG_WARN_DIRECT_OBJC_ISA_USAGE = YES_ERROR;
				CLANG_WARN_EMPTY_BODY = YES;
				CLANG_WARN_ENUM_CONVERSION = YES;
				CLANG_WARN_INT_CONVERSION = YES;
				CLANG_WARN_OBJC_ROOT_CLASS = YES_ERROR;
				CLANG_WARN__DUPLICATE_METHOD_MATCH = YES;
				"CODE_SIGN_IDENTITY[sdk=iphoneos*]" = "iPhone Developer";
				COPY_PHASE_STRIP = YES;
				ENABLE_NS_ASSERTIONS = NO;
				GCC_C_LANGUAGE_STANDARD = gnu99;
				GCC_WARN_64_TO_32_BIT_CONVERSION = YES;
				GCC_WARN_ABOUT_RETURN_TYPE = YES_ERROR;
				GCC_WARN_UNDECLARED_SELECTOR = YES;
				GCC_WARN_UNINITIALIZED_AUTOS = YES_AGGRESSIVE;
				GCC_WARN_UNUSED_FUNCTION = YES;
				GCC_WARN_UNUSED_VARIABLE = YES;
				IPHONEOS_DEPLOYMENT_TARGET = 7.1;
				SDKROOT = iphoneos;
				TARGETED_DEVICE_FAMILY = "1,2";
				VALIDATE_PRODUCT = YES;
			};
			name = Release;
		};
		D3780A42193650CC00A5BAC3 /* Debug */ = {
			isa = XCBuildConfiguration;
			buildSettings = {
				ASSETCATALOG_COMPILER_APPICON_NAME = AppIcon;
				ASSETCATALOG_COMPILER_LAUNCHIMAGE_NAME = LaunchImage;
				GCC_PRECOMPILE_PREFIX_HEADER = YES;
				GCC_PREFIX_HEADER = "Cultural Guide/Cultural Guide-Prefix.pch";
				INFOPLIST_FILE = "Cultural Guide/Cultural Guide-Info.plist";
				PRODUCT_NAME = "$(TARGET_NAME)";
				WRAPPER_EXTENSION = app;
			};
			name = Debug;
		};
		D3780A43193650CC00A5BAC3 /* Release */ = {
			isa = XCBuildConfiguration;
			buildSettings = {
				ASSETCATALOG_COMPILER_APPICON_NAME = AppIcon;
				ASSETCATALOG_COMPILER_LAUNCHIMAGE_NAME = LaunchImage;
				GCC_PRECOMPILE_PREFIX_HEADER = YES;
				GCC_PREFIX_HEADER = "Cultural Guide/Cultural Guide-Prefix.pch";
				INFOPLIST_FILE = "Cultural Guide/Cultural Guide-Info.plist";
				PRODUCT_NAME = "$(TARGET_NAME)";
				WRAPPER_EXTENSION = app;
			};
			name = Release;
		};
		D3780A45193650CC00A5BAC3 /* Debug */ = {
			isa = XCBuildConfiguration;
			buildSettings = {
				BUNDLE_LOADER = "$(BUILT_PRODUCTS_DIR)/Cultural Guide.app/Cultural Guide";
				FRAMEWORK_SEARCH_PATHS = (
					"$(SDKROOT)/Developer/Library/Frameworks",
					"$(inherited)",
					"$(DEVELOPER_FRAMEWORKS_DIR)",
				);
				GCC_PRECOMPILE_PREFIX_HEADER = YES;
				GCC_PREFIX_HEADER = "Cultural Guide/Cultural Guide-Prefix.pch";
				GCC_PREPROCESSOR_DEFINITIONS = (
					"DEBUG=1",
					"$(inherited)",
				);
				INFOPLIST_FILE = "Cultural GuideTests/Cultural GuideTests-Info.plist";
				PRODUCT_NAME = "$(TARGET_NAME)";
				TEST_HOST = "$(BUNDLE_LOADER)";
				WRAPPER_EXTENSION = xctest;
			};
			name = Debug;
		};
		D3780A46193650CC00A5BAC3 /* Release */ = {
			isa = XCBuildConfiguration;
			buildSettings = {
				BUNDLE_LOADER = "$(BUILT_PRODUCTS_DIR)/Cultural Guide.app/Cultural Guide";
				FRAMEWORK_SEARCH_PATHS = (
					"$(SDKROOT)/Developer/Library/Frameworks",
					"$(inherited)",
					"$(DEVELOPER_FRAMEWORKS_DIR)",
				);
				GCC_PRECOMPILE_PREFIX_HEADER = YES;
				GCC_PREFIX_HEADER = "Cultural Guide/Cultural Guide-Prefix.pch";
				INFOPLIST_FILE = "Cultural GuideTests/Cultural GuideTests-Info.plist";
				PRODUCT_NAME = "$(TARGET_NAME)";
				TEST_HOST = "$(BUNDLE_LOADER)";
				WRAPPER_EXTENSION = xctest;
			};
			name = Release;
		};
/* End XCBuildConfiguration section */

/* Begin XCConfigurationList section */
		D3780A10193650CC00A5BAC3 /* Build configuration list for PBXProject "Cultural Guide" */ = {
			isa = XCConfigurationList;
			buildConfigurations = (
				D3780A3F193650CC00A5BAC3 /* Debug */,
				D3780A40193650CC00A5BAC3 /* Release */,
			);
			defaultConfigurationIsVisible = 0;
			defaultConfigurationName = Release;
		};
		D3780A41193650CC00A5BAC3 /* Build configuration list for PBXNativeTarget "Cultural Guide" */ = {
			isa = XCConfigurationList;
			buildConfigurations = (
				D3780A42193650CC00A5BAC3 /* Debug */,
				D3780A43193650CC00A5BAC3 /* Release */,
			);
			defaultConfigurationIsVisible = 0;
		};
		D3780A44193650CC00A5BAC3 /* Build configuration list for PBXNativeTarget "Cultural GuideTests" */ = {
			isa = XCConfigurationList;
			buildConfigurations = (
				D3780A45193650CC00A5BAC3 /* Debug */,
				D3780A46193650CC00A5BAC3 /* Release */,
			);
			defaultConfigurationIsVisible = 0;
		};
/* End XCConfigurationList section */
	};
	rootObject = D3780A0D193650CC00A5BAC3 /* Project object */;
}
