// !$*UTF8*$!
{
	archiveVersion = 1;
	classes = {
	};
	objectVersion = 46;
	objects = {

/* Begin PBXBuildFile section */
		D305D79E19373417008D3517 /* Foundation.framework in Frameworks */ = {isa = PBXBuildFile; fileRef = D305D79D19373417008D3517 /* Foundation.framework */; };
		D305D7A019373417008D3517 /* CoreGraphics.framework in Frameworks */ = {isa = PBXBuildFile; fileRef = D305D79F19373417008D3517 /* CoreGraphics.framework */; };
		D305D7A219373417008D3517 /* UIKit.framework in Frameworks */ = {isa = PBXBuildFile; fileRef = D305D7A119373417008D3517 /* UIKit.framework */; };
		D305D7A819373417008D3517 /* InfoPlist.strings in Resources */ = {isa = PBXBuildFile; fileRef = D305D7A619373417008D3517 /* InfoPlist.strings */; };
		D305D7AA19373417008D3517 /* main.m in Sources */ = {isa = PBXBuildFile; fileRef = D305D7A919373417008D3517 /* main.m */; };
		D305D7AE19373417008D3517 /* klcAppDelegate.m in Sources */ = {isa = PBXBuildFile; fileRef = D305D7AD19373417008D3517 /* klcAppDelegate.m */; };
		D305D7B119373417008D3517 /* Main_iPhone.storyboard in Resources */ = {isa = PBXBuildFile; fileRef = D305D7AF19373417008D3517 /* Main_iPhone.storyboard */; };
		D305D7B419373417008D3517 /* Main_iPad.storyboard in Resources */ = {isa = PBXBuildFile; fileRef = D305D7B219373417008D3517 /* Main_iPad.storyboard */; };
		D305D7B719373417008D3517 /* klcViewController.m in Sources */ = {isa = PBXBuildFile; fileRef = D305D7B619373417008D3517 /* klcViewController.m */; };
		D305D7B919373417008D3517 /* Images.xcassets in Resources */ = {isa = PBXBuildFile; fileRef = D305D7B819373417008D3517 /* Images.xcassets */; };
		D305D7C019373417008D3517 /* XCTest.framework in Frameworks */ = {isa = PBXBuildFile; fileRef = D305D7BF19373417008D3517 /* XCTest.framework */; };
		D305D7C119373417008D3517 /* Foundation.framework in Frameworks */ = {isa = PBXBuildFile; fileRef = D305D79D19373417008D3517 /* Foundation.framework */; };
		D305D7C219373417008D3517 /* UIKit.framework in Frameworks */ = {isa = PBXBuildFile; fileRef = D305D7A119373417008D3517 /* UIKit.framework */; };
		D305D7CA19373417008D3517 /* InfoPlist.strings in Resources */ = {isa = PBXBuildFile; fileRef = D305D7C819373417008D3517 /* InfoPlist.strings */; };
		D305D7CC19373417008D3517 /* CulturalGuideTests.m in Sources */ = {isa = PBXBuildFile; fileRef = D305D7CB19373417008D3517 /* CulturalGuideTests.m */; };
/* End PBXBuildFile section */

/* Begin PBXContainerItemProxy section */
		D305D7C319373417008D3517 /* PBXContainerItemProxy */ = {
			isa = PBXContainerItemProxy;
			containerPortal = D305D79219373417008D3517 /* Project object */;
			proxyType = 1;
			remoteGlobalIDString = D305D79919373417008D3517;
			remoteInfo = CulturalGuide;
		};
/* End PBXContainerItemProxy section */

/* Begin PBXFileReference section */
		D305D79A19373417008D3517 /* CulturalGuide.app */ = {isa = PBXFileReference; explicitFileType = wrapper.application; includeInIndex = 0; path = CulturalGuide.app; sourceTree = BUILT_PRODUCTS_DIR; };
		D305D79D19373417008D3517 /* Foundation.framework */ = {isa = PBXFileReference; lastKnownFileType = wrapper.framework; name = Foundation.framework; path = System/Library/Frameworks/Foundation.framework; sourceTree = SDKROOT; };
		D305D79F19373417008D3517 /* CoreGraphics.framework */ = {isa = PBXFileReference; lastKnownFileType = wrapper.framework; name = CoreGraphics.framework; path = System/Library/Frameworks/CoreGraphics.framework; sourceTree = SDKROOT; };
		D305D7A119373417008D3517 /* UIKit.framework */ = {isa = PBXFileReference; lastKnownFileType = wrapper.framework; name = UIKit.framework; path = System/Library/Frameworks/UIKit.framework; sourceTree = SDKROOT; };
		D305D7A519373417008D3517 /* CulturalGuide-Info.plist */ = {isa = PBXFileReference; lastKnownFileType = text.plist.xml; path = "CulturalGuide-Info.plist"; sourceTree = "<group>"; };
		D305D7A719373417008D3517 /* en */ = {isa = PBXFileReference; lastKnownFileType = text.plist.strings; name = en; path = en.lproj/InfoPlist.strings; sourceTree = "<group>"; };
		D305D7A919373417008D3517 /* main.m */ = {isa = PBXFileReference; lastKnownFileType = sourcecode.c.objc; path = main.m; sourceTree = "<group>"; };
		D305D7AB19373417008D3517 /* CulturalGuide-Prefix.pch */ = {isa = PBXFileReference; lastKnownFileType = sourcecode.c.h; path = "CulturalGuide-Prefix.pch"; sourceTree = "<group>"; };
		D305D7AC19373417008D3517 /* klcAppDelegate.h */ = {isa = PBXFileReference; lastKnownFileType = sourcecode.c.h; path = klcAppDelegate.h; sourceTree = "<group>"; };
		D305D7AD19373417008D3517 /* klcAppDelegate.m */ = {isa = PBXFileReference; lastKnownFileType = sourcecode.c.objc; path = klcAppDelegate.m; sourceTree = "<group>"; };
		D305D7B019373417008D3517 /* Base */ = {isa = PBXFileReference; lastKnownFileType = file.storyboard; name = Base; path = Base.lproj/Main_iPhone.storyboard; sourceTree = "<group>"; };
		D305D7B319373417008D3517 /* Base */ = {isa = PBXFileReference; lastKnownFileType = file.storyboard; name = Base; path = Base.lproj/Main_iPad.storyboard; sourceTree = "<group>"; };
		D305D7B519373417008D3517 /* klcViewController.h */ = {isa = PBXFileReference; lastKnownFileType = sourcecode.c.h; path = klcViewController.h; sourceTree = "<group>"; };
		D305D7B619373417008D3517 /* klcViewController.m */ = {isa = PBXFileReference; lastKnownFileType = sourcecode.c.objc; path = klcViewController.m; sourceTree = "<group>"; };
		D305D7B819373417008D3517 /* Images.xcassets */ = {isa = PBXFileReference; lastKnownFileType = folder.assetcatalog; path = Images.xcassets; sourceTree = "<group>"; };
		D305D7BE19373417008D3517 /* CulturalGuideTests.xctest */ = {isa = PBXFileReference; explicitFileType = wrapper.cfbundle; includeInIndex = 0; path = CulturalGuideTests.xctest; sourceTree = BUILT_PRODUCTS_DIR; };
		D305D7BF19373417008D3517 /* XCTest.framework */ = {isa = PBXFileReference; lastKnownFileType = wrapper.framework; name = XCTest.framework; path = Library/Frameworks/XCTest.framework; sourceTree = DEVELOPER_DIR; };
		D305D7C719373417008D3517 /* CulturalGuideTests-Info.plist */ = {isa = PBXFileReference; lastKnownFileType = text.plist.xml; path = "CulturalGuideTests-Info.plist"; sourceTree = "<group>"; };
		D305D7C919373417008D3517 /* en */ = {isa = PBXFileReference; lastKnownFileType = text.plist.strings; name = en; path = en.lproj/InfoPlist.strings; sourceTree = "<group>"; };
		D305D7CB19373417008D3517 /* CulturalGuideTests.m */ = {isa = PBXFileReference; lastKnownFileType = sourcecode.c.objc; path = CulturalGuideTests.m; sourceTree = "<group>"; };
/* End PBXFileReference section */

/* Begin PBXFrameworksBuildPhase section */
		D305D79719373417008D3517 /* Frameworks */ = {
			isa = PBXFrameworksBuildPhase;
			buildActionMask = 2147483647;
			files = (
				D305D7A019373417008D3517 /* CoreGraphics.framework in Frameworks */,
				D305D7A219373417008D3517 /* UIKit.framework in Frameworks */,
				D305D79E19373417008D3517 /* Foundation.framework in Frameworks */,
			);
			runOnlyForDeploymentPostprocessing = 0;
		};
		D305D7BB19373417008D3517 /* Frameworks */ = {
			isa = PBXFrameworksBuildPhase;
			buildActionMask = 2147483647;
			files = (
				D305D7C019373417008D3517 /* XCTest.framework in Frameworks */,
				D305D7C219373417008D3517 /* UIKit.framework in Frameworks */,
				D305D7C119373417008D3517 /* Foundation.framework in Frameworks */,
			);
			runOnlyForDeploymentPostprocessing = 0;
		};
/* End PBXFrameworksBuildPhase section */

/* Begin PBXGroup section */
		D305D79119373417008D3517 = {
			isa = PBXGroup;
			children = (
				D305D7A319373417008D3517 /* CulturalGuide */,
				D305D7C519373417008D3517 /* CulturalGuideTests */,
				D305D79C19373417008D3517 /* Frameworks */,
				D305D79B19373417008D3517 /* Products */,
			);
			sourceTree = "<group>";
		};
		D305D79B19373417008D3517 /* Products */ = {
			isa = PBXGroup;
			children = (
				D305D79A19373417008D3517 /* CulturalGuide.app */,
				D305D7BE19373417008D3517 /* CulturalGuideTests.xctest */,
			);
			name = Products;
			sourceTree = "<group>";
		};
		D305D79C19373417008D3517 /* Frameworks */ = {
			isa = PBXGroup;
			children = (
				D305D79D19373417008D3517 /* Foundation.framework */,
				D305D79F19373417008D3517 /* CoreGraphics.framework */,
				D305D7A119373417008D3517 /* UIKit.framework */,
				D305D7BF19373417008D3517 /* XCTest.framework */,
			);
			name = Frameworks;
			sourceTree = "<group>";
		};
		D305D7A319373417008D3517 /* CulturalGuide */ = {
			isa = PBXGroup;
			children = (
				D305D7AC19373417008D3517 /* klcAppDelegate.h */,
				D305D7AD19373417008D3517 /* klcAppDelegate.m */,
				D305D7AF19373417008D3517 /* Main_iPhone.storyboard */,
				D305D7B219373417008D3517 /* Main_iPad.storyboard */,
				D305D7B519373417008D3517 /* klcViewController.h */,
				D305D7B619373417008D3517 /* klcViewController.m */,
				D305D7B819373417008D3517 /* Images.xcassets */,
				D305D7A419373417008D3517 /* Supporting Files */,
			);
			path = CulturalGuide;
			sourceTree = "<group>";
		};
		D305D7A419373417008D3517 /* Supporting Files */ = {
			isa = PBXGroup;
			children = (
				D305D7A519373417008D3517 /* CulturalGuide-Info.plist */,
				D305D7A619373417008D3517 /* InfoPlist.strings */,
				D305D7A919373417008D3517 /* main.m */,
				D305D7AB19373417008D3517 /* CulturalGuide-Prefix.pch */,
			);
			name = "Supporting Files";
			sourceTree = "<group>";
		};
		D305D7C519373417008D3517 /* CulturalGuideTests */ = {
			isa = PBXGroup;
			children = (
				D305D7CB19373417008D3517 /* CulturalGuideTests.m */,
				D305D7C619373417008D3517 /* Supporting Files */,
			);
			path = CulturalGuideTests;
			sourceTree = "<group>";
		};
		D305D7C619373417008D3517 /* Supporting Files */ = {
			isa = PBXGroup;
			children = (
				D305D7C719373417008D3517 /* CulturalGuideTests-Info.plist */,
				D305D7C819373417008D3517 /* InfoPlist.strings */,
			);
			name = "Supporting Files";
			sourceTree = "<group>";
		};
/* End PBXGroup section */

/* Begin PBXNativeTarget section */
		D305D79919373417008D3517 /* CulturalGuide */ = {
			isa = PBXNativeTarget;
			buildConfigurationList = D305D7CF19373417008D3517 /* Build configuration list for PBXNativeTarget "CulturalGuide" */;
			buildPhases = (
				D305D79619373417008D3517 /* Sources */,
				D305D79719373417008D3517 /* Frameworks */,
				D305D79819373417008D3517 /* Resources */,
			);
			buildRules = (
			);
			dependencies = (
			);
			name = CulturalGuide;
			productName = CulturalGuide;
			productReference = D305D79A19373417008D3517 /* CulturalGuide.app */;
			productType = "com.apple.product-type.application";
		};
		D305D7BD19373417008D3517 /* CulturalGuideTests */ = {
			isa = PBXNativeTarget;
			buildConfigurationList = D305D7D219373417008D3517 /* Build configuration list for PBXNativeTarget "CulturalGuideTests" */;
			buildPhases = (
				D305D7BA19373417008D3517 /* Sources */,
				D305D7BB19373417008D3517 /* Frameworks */,
				D305D7BC19373417008D3517 /* Resources */,
			);
			buildRules = (
			);
			dependencies = (
				D305D7C419373417008D3517 /* PBXTargetDependency */,
			);
			name = CulturalGuideTests;
			productName = CulturalGuideTests;
			productReference = D305D7BE19373417008D3517 /* CulturalGuideTests.xctest */;
			productType = "com.apple.product-type.bundle.unit-test";
		};
/* End PBXNativeTarget section */

/* Begin PBXProject section */
		D305D79219373417008D3517 /* Project object */ = {
			isa = PBXProject;
			attributes = {
				CLASSPREFIX = klc;
				LastUpgradeCheck = 0510;
				ORGANIZATIONNAME = "Kliment Lambevski";
				TargetAttributes = {
					D305D7BD19373417008D3517 = {
						TestTargetID = D305D79919373417008D3517;
					};
				};
			};
			buildConfigurationList = D305D79519373417008D3517 /* Build configuration list for PBXProject "CulturalGuide" */;
			compatibilityVersion = "Xcode 3.2";
			developmentRegion = English;
			hasScannedForEncodings = 0;
			knownRegions = (
				en,
				Base,
			);
			mainGroup = D305D79119373417008D3517;
			productRefGroup = D305D79B19373417008D3517 /* Products */;
			projectDirPath = "";
			projectRoot = "";
			targets = (
				D305D79919373417008D3517 /* CulturalGuide */,
				D305D7BD19373417008D3517 /* CulturalGuideTests */,
			);
		};
/* End PBXProject section */

/* Begin PBXResourcesBuildPhase section */
		D305D79819373417008D3517 /* Resources */ = {
			isa = PBXResourcesBuildPhase;
			buildActionMask = 2147483647;
			files = (
				D305D7B419373417008D3517 /* Main_iPad.storyboard in Resources */,
				D305D7B919373417008D3517 /* Images.xcassets in Resources */,
				D305D7B119373417008D3517 /* Main_iPhone.storyboard in Resources */,
				D305D7A819373417008D3517 /* InfoPlist.strings in Resources */,
			);
			runOnlyForDeploymentPostprocessing = 0;
		};
		D305D7BC19373417008D3517 /* Resources */ = {
			isa = PBXResourcesBuildPhase;
			buildActionMask = 2147483647;
			files = (
				D305D7CA19373417008D3517 /* InfoPlist.strings in Resources */,
			);
			runOnlyForDeploymentPostprocessing = 0;
		};
/* End PBXResourcesBuildPhase section */

/* Begin PBXSourcesBuildPhase section */
		D305D79619373417008D3517 /* Sources */ = {
			isa = PBXSourcesBuildPhase;
			buildActionMask = 2147483647;
			files = (
				D305D7B719373417008D3517 /* klcViewController.m in Sources */,
				D305D7AA19373417008D3517 /* main.m in Sources */,
				D305D7AE19373417008D3517 /* klcAppDelegate.m in Sources */,
			);
			runOnlyForDeploymentPostprocessing = 0;
		};
		D305D7BA19373417008D3517 /* Sources */ = {
			isa = PBXSourcesBuildPhase;
			buildActionMask = 2147483647;
			files = (
				D305D7CC19373417008D3517 /* CulturalGuideTests.m in Sources */,
			);
			runOnlyForDeploymentPostprocessing = 0;
		};
/* End PBXSourcesBuildPhase section */

/* Begin PBXTargetDependency section */
		D305D7C419373417008D3517 /* PBXTargetDependency */ = {
			isa = PBXTargetDependency;
			target = D305D79919373417008D3517 /* CulturalGuide */;
			targetProxy = D305D7C319373417008D3517 /* PBXContainerItemProxy */;
		};
/* End PBXTargetDependency section */

/* Begin PBXVariantGroup section */
		D305D7A619373417008D3517 /* InfoPlist.strings */ = {
			isa = PBXVariantGroup;
			children = (
				D305D7A719373417008D3517 /* en */,
			);
			name = InfoPlist.strings;
			sourceTree = "<group>";
		};
		D305D7AF19373417008D3517 /* Main_iPhone.storyboard */ = {
			isa = PBXVariantGroup;
			children = (
				D305D7B019373417008D3517 /* Base */,
			);
			name = Main_iPhone.storyboard;
			sourceTree = "<group>";
		};
		D305D7B219373417008D3517 /* Main_iPad.storyboard */ = {
			isa = PBXVariantGroup;
			children = (
				D305D7B319373417008D3517 /* Base */,
			);
			name = Main_iPad.storyboard;
			sourceTree = "<group>";
		};
		D305D7C819373417008D3517 /* InfoPlist.strings */ = {
			isa = PBXVariantGroup;
			children = (
				D305D7C919373417008D3517 /* en */,
			);
			name = InfoPlist.strings;
			sourceTree = "<group>";
		};
/* End PBXVariantGroup section */

/* Begin XCBuildConfiguration section */
		D305D7CD19373417008D3517 /* Debug */ = {
			isa = XCBuildConfiguration;
			buildSettings = {
				ALWAYS_SEARCH_USER_PATHS = NO;
				CLANG_CXX_LANGUAGE_STANDARD = "gnu++0x";
				CLANG_CXX_LIBRARY = "libc++";
				CLANG_ENABLE_MODULES = YES;
				CLANG_ENABLE_OBJC_ARC = YES;
				CLANG_WARN_BOOL_CONVERSION = YES;
				CLANG_WARN_CONSTANT_CONVERSION = YES;
				CLANG_WARN_DIRECT_OBJC_ISA_USAGE = YES_ERROR;
				CLANG_WARN_EMPTY_BODY = YES;
				CLANG_WARN_ENUM_CONVERSION = YES;
				CLANG_WARN_INT_CONVERSION = YES;
				CLANG_WARN_OBJC_ROOT_CLASS = YES_ERROR;
				CLANG_WARN__DUPLICATE_METHOD_MATCH = YES;
				"CODE_SIGN_IDENTITY[sdk=iphoneos*]" = "iPhone Developer";
				COPY_PHASE_STRIP = NO;
				GCC_C_LANGUAGE_STANDARD = gnu99;
				GCC_DYNAMIC_NO_PIC = NO;
				GCC_OPTIMIZATION_LEVEL = 0;
				GCC_PREPROCESSOR_DEFINITIONS = (
					"DEBUG=1",
					"$(inherited)",
				);
				GCC_SYMBOLS_PRIVATE_EXTERN = NO;
				GCC_WARN_64_TO_32_BIT_CONVERSION = YES;
				GCC_WARN_ABOUT_RETURN_TYPE = YES_ERROR;
				GCC_WARN_UNDECLARED_SELECTOR = YES;
				GCC_WARN_UNINITIALIZED_AUTOS = YES_AGGRESSIVE;
				GCC_WARN_UNUSED_FUNCTION = YES;
				GCC_WARN_UNUSED_VARIABLE = YES;
				IPHONEOS_DEPLOYMENT_TARGET = 7.1;
				ONLY_ACTIVE_ARCH = YES;
				SDKROOT = iphoneos;
				TARGETED_DEVICE_FAMILY = "1,2";
			};
			name = Debug;
		};
		D305D7CE19373417008D3517 /* Release */ = {
			isa = XCBuildConfiguration;
			buildSettings = {
				ALWAYS_SEARCH_USER_PATHS = NO;
				CLANG_CXX_LANGUAGE_STANDARD = "gnu++0x";
				CLANG_CXX_LIBRARY = "libc++";
				CLANG_ENABLE_MODULES = YES;
				CLANG_ENABLE_OBJC_ARC = YES;
				CLANG_WARN_BOOL_CONVERSION = YES;
				CLANG_WARN_CONSTANT_CONVERSION = YES;
				CLANG_WARN_DIRECT_OBJC_ISA_USAGE = YES_ERROR;
				CLANG_WARN_EMPTY_BODY = YES;
				CLANG_WARN_ENUM_CONVERSION = YES;
				CLANG_WARN_INT_CONVERSION = YES;
				CLANG_WARN_OBJC_ROOT_CLASS = YES_ERROR;
				CLANG_WARN__DUPLICATE_METHOD_MATCH = YES;
				"CODE_SIGN_IDENTITY[sdk=iphoneos*]" = "iPhone Developer";
				COPY_PHASE_STRIP = YES;
				ENABLE_NS_ASSERTIONS = NO;
				GCC_C_LANGUAGE_STANDARD = gnu99;
				GCC_WARN_64_TO_32_BIT_CONVERSION = YES;
				GCC_WARN_ABOUT_RETURN_TYPE = YES_ERROR;
				GCC_WARN_UNDECLARED_SELECTOR = YES;
				GCC_WARN_UNINITIALIZED_AUTOS = YES_AGGRESSIVE;
				GCC_WARN_UNUSED_FUNCTION = YES;
				GCC_WARN_UNUSED_VARIABLE = YES;
				IPHONEOS_DEPLOYMENT_TARGET = 7.1;
				SDKROOT = iphoneos;
				TARGETED_DEVICE_FAMILY = "1,2";
				VALIDATE_PRODUCT = YES;
			};
			name = Release;
		};
		D305D7D019373417008D3517 /* Debug */ = {
			isa = XCBuildConfiguration;
			buildSettings = {
				ASSETCATALOG_COMPILER_APPICON_NAME = AppIcon;
				ASSETCATALOG_COMPILER_LAUNCHIMAGE_NAME = LaunchImage;
				GCC_PRECOMPILE_PREFIX_HEADER = YES;
				GCC_PREFIX_HEADER = "CulturalGuide/CulturalGuide-Prefix.pch";
				INFOPLIST_FILE = "CulturalGuide/CulturalGuide-Info.plist";
				PRODUCT_NAME = "$(TARGET_NAME)";
				WRAPPER_EXTENSION = app;
			};
			name = Debug;
		};
		D305D7D119373417008D3517 /* Release */ = {
			isa = XCBuildConfiguration;
			buildSettings = {
				ASSETCATALOG_COMPILER_APPICON_NAME = AppIcon;
				ASSETCATALOG_COMPILER_LAUNCHIMAGE_NAME = LaunchImage;
				GCC_PRECOMPILE_PREFIX_HEADER = YES;
				GCC_PREFIX_HEADER = "CulturalGuide/CulturalGuide-Prefix.pch";
				INFOPLIST_FILE = "CulturalGuide/CulturalGuide-Info.plist";
				PRODUCT_NAME = "$(TARGET_NAME)";
				WRAPPER_EXTENSION = app;
			};
			name = Release;
		};
		D305D7D319373417008D3517 /* Debug */ = {
			isa = XCBuildConfiguration;
			buildSettings = {
				BUNDLE_LOADER = "$(BUILT_PRODUCTS_DIR)/CulturalGuide.app/CulturalGuide";
				FRAMEWORK_SEARCH_PATHS = (
					"$(SDKROOT)/Developer/Library/Frameworks",
					"$(inherited)",
					"$(DEVELOPER_FRAMEWORKS_DIR)",
				);
				GCC_PRECOMPILE_PREFIX_HEADER = YES;
				GCC_PREFIX_HEADER = "CulturalGuide/CulturalGuide-Prefix.pch";
				GCC_PREPROCESSOR_DEFINITIONS = (
					"DEBUG=1",
					"$(inherited)",
				);
				INFOPLIST_FILE = "CulturalGuideTests/CulturalGuideTests-Info.plist";
				PRODUCT_NAME = "$(TARGET_NAME)";
				TEST_HOST = "$(BUNDLE_LOADER)";
				WRAPPER_EXTENSION = xctest;
			};
			name = Debug;
		};
		D305D7D419373417008D3517 /* Release */ = {
			isa = XCBuildConfiguration;
			buildSettings = {
				BUNDLE_LOADER = "$(BUILT_PRODUCTS_DIR)/CulturalGuide.app/CulturalGuide";
				FRAMEWORK_SEARCH_PATHS = (
					"$(SDKROOT)/Developer/Library/Frameworks",
					"$(inherited)",
					"$(DEVELOPER_FRAMEWORKS_DIR)",
				);
				GCC_PRECOMPILE_PREFIX_HEADER = YES;
				GCC_PREFIX_HEADER = "CulturalGuide/CulturalGuide-Prefix.pch";
				INFOPLIST_FILE = "CulturalGuideTests/CulturalGuideTests-Info.plist";
				PRODUCT_NAME = "$(TARGET_NAME)";
				TEST_HOST = "$(BUNDLE_LOADER)";
				WRAPPER_EXTENSION = xctest;
			};
			name = Release;
		};
/* End XCBuildConfiguration section */

/* Begin XCConfigurationList section */
		D305D79519373417008D3517 /* Build configuration list for PBXProject "CulturalGuide" */ = {
			isa = XCConfigurationList;
			buildConfigurations = (
				D305D7CD19373417008D3517 /* Debug */,
				D305D7CE19373417008D3517 /* Release */,
			);
			defaultConfigurationIsVisible = 0;
			defaultConfigurationName = Release;
		};
		D305D7CF19373417008D3517 /* Build configuration list for PBXNativeTarget "CulturalGuide" */ = {
			isa = XCConfigurationList;
			buildConfigurations = (
				D305D7D019373417008D3517 /* Debug */,
				D305D7D119373417008D3517 /* Release */,
			);
			defaultConfigurationIsVisible = 0;
		};
		D305D7D219373417008D3517 /* Build configuration list for PBXNativeTarget "CulturalGuideTests" */ = {
			isa = XCConfigurationList;
			buildConfigurations = (
				D305D7D319373417008D3517 /* Debug */,
				D305D7D419373417008D3517 /* Release */,
			);
			defaultConfigurationIsVisible = 0;
		};
/* End XCConfigurationList section */
	};
	rootObject = D305D79219373417008D3517 /* Project object */;
}
